
Microsoft Visual Studio Solution File, Format Version 12.00
# Visual Studio 14
VisualStudioVersion = 14.0.24720.0
MinimumVisualStudioVersion = 10.0.40219.1
Project("{FAE04EC0-301F-11D3-BF4B-00C04F79EFBC}") = "Binateq.CommandLine.Tests", "Binateq.CommandLine.Tests\Binateq.CommandLine.Tests.csproj", "{DAFB9027-5D38-4134-8487-365F0E756B9B}"
EndProject
Project("{FAE04EC0-301F-11D3-BF4B-00C04F79EFBC}") = "Binateq.CommandLine", "Binateq.CommandLine\Binateq.CommandLine.csproj", "{9031EF66-4285-4EBC-AC33-DECDCA89C02D}"
EndProject
Project("{2150E333-8FDC-42A3-9474-1A3956D46DE8}") = "Solution Items", "Solution Items", "{B0C10DAE-DB7E-4629-B013-D2F4A8A4692B}"
	ProjectSection(SolutionItems) = preProject
		LICENSE = LICENSE
		README.md = README.md
	EndProjectSection
EndProject
Project("{FAE04EC0-301F-11D3-BF4B-00C04F79EFBC}") = "Binateq.CommandLine.Demo", "Binateq.CommandLine.Demo\Binateq.CommandLine.Demo.csproj", "{2A1D2085-F924-4395-B5CB-8383A2172EFA}"
EndProject
Global
	GlobalSection(SolutionConfigurationPlatforms) = preSolution
		Debug|Any CPU = Debug|Any CPU
		Release|Any CPU = Release|Any CPU
	EndGlobalSection
	GlobalSection(ProjectConfigurationPlatforms) = postSolution
		{DAFB9027-5D38-4134-8487-365F0E756B9B}.Debug|Any CPU.ActiveCfg = Debug|Any CPU
		{DAFB9027-5D38-4134-8487-365F0E756B9B}.Debug|Any CPU.Build.0 = Debug|Any CPU
		{DAFB9027-5D38-4134-8487-365F0E756B9B}.Release|Any CPU.ActiveCfg = Release|Any CPU
		{DAFB9027-5D38-4134-8487-365F0E756B9B}.Release|Any CPU.Build.0 = Release|Any CPU
		{9031EF66-4285-4EBC-AC33-DECDCA89C02D}.Debug|Any CPU.ActiveCfg = Debug|Any CPU
		{9031EF66-4285-4EBC-AC33-DECDCA89C02D}.Debug|Any CPU.Build.0 = Debug|Any CPU
		{9031EF66-4285-4EBC-AC33-DECDCA89C02D}.Release|Any CPU.ActiveCfg = Release|Any CPU
		{9031EF66-4285-4EBC-AC33-DECDCA89C02D}.Release|Any CPU.Build.0 = Release|Any CPU
		{2A1D2085-F924-4395-B5CB-8383A2172EFA}.Debug|Any CPU.ActiveCfg = Debug|Any CPU
		{2A1D2085-F924-4395-B5CB-8383A2172EFA}.Debug|Any CPU.Build.0 = Debug|Any CPU
		{2A1D2085-F924-4395-B5CB-8383A2172EFA}.Release|Any CPU.ActiveCfg = Release|Any CPU
		{2A1D2085-F924-4395-B5CB-8383A2172EFA}.Release|Any CPU.Build.0 = Release|Any CPU
	EndGlobalSection
	GlobalSection(SolutionProperties) = preSolution
		HideSolutionNode = FALSE
	EndGlobalSection
EndGlobal
